<?xml version="1.0" encoding="utf-8"?>
<Project ToolsVersion="4.0" xmlns="http://schemas.microsoft.com/developer/msbuild/2003">
  <ItemGroup>
    <Filter Include="headers">
      <UniqueIdentifier>{93995380-89BD-4b04-88EB-625FBE52EBFB}</UniqueIdentifier>
      <Extensions>h;hh;hpp;hxx;h++;hm;inl;inc;ipp;xsd</Extensions>
    </Filter>
    <Filter Include="code">
      <UniqueIdentifier>{4FC737F1-C7A5-4376-A066-2A32D752A2FF}</UniqueIdentifier>
      <Extensions>cpp;c;cc;cxx;c++;def;odl;idl;hpj;bat;asm;asmx</Extensions>
    </Filter>
  </ItemGroup>
  <ItemGroup>
    <ClCompile Include="main.cpp">
      <Filter>code</Filter>
    </ClCompile>
    <ClCompile Include="driver.cpp">
      <Filter>code</Filter>
    </ClCompile>
    <ClCompile Include="utils.cpp">
      <Filter>code</Filter>
    </ClCompile>
    <ClCompile Include="struct.h">
      <Filter>headers</Filter>
    </ClCompile>
    <ClCompile Include="arduino.cpp">
      <Filter>code</Filter>
    </ClCompile>
    <ClCompile Include="features.cpp">
      <Filter>code</Filter>
    </ClCompile>
    <ClCompile Include="loop.h">
      <Filter>headers</Filter>
    </ClCompile>
    <ClCompile Include="config.cpp">
      <Filter>code</Filter>
    </ClCompile>
    <ClCompile Include="loop.cpp">
      <Filter>code</Filter>
    </ClCompile>
    <ClCompile Include="settings.cpp">
      <Filter>code</Filter>
    </ClCompile>
    <ClCompile Include="struct.cpp">
      <Filter>code</Filter>
    </ClCompile>
  </ItemGroup>
  <ItemGroup>
    <ClInclude Include="driver.h">
      <Filter>headers</Filter>
    </ClInclude>
    <ClInclude Include="offsets.h">
      <Filter>headers</Filter>
    </ClInclude>
    <ClInclude Include="utils.h">
      <Filter>headers</Filter>
    </ClInclude>
    <ClInclude Include="includes.h">
      <Filter>headers</Filter>
    </ClInclude>
    <ClInclude Include="arduino.h">
      <Filter>headers</Filter>
    </ClInclude>
    <ClInclude Include="config.h">
      <Filter>headers</Filter>
    </ClInclude>
    <ClInclude Include="features.h">
      <Filter>headers</Filter>
    </ClInclude>
    <ClInclude Include="settings.h">
      <Filter>headers</Filter>
    </ClInclude>
    <ClInclude Include="entity.h">
      <Filter>headers</Filter>
    </ClInclude>
    <ClInclude Include="main.h">
      <Filter>headers</Filter>
    </ClInclude>
    <ClInclude Include="keys.h">
      <Filter>headers</Filter>
    </ClInclude>
  </ItemGroup>
</Project>