<?xml version="1.0" encoding="utf-8"?>
<Project ToolsVersion="4.0" xmlns="http://schemas.microsoft.com/developer/msbuild/2003">
  <ItemGroup>
    <ClCompile Include="arduino.cpp" />
    <ClCompile Include="config.cpp" />
    <ClCompile Include="driver.cpp" />
    <ClCompile Include="main.cpp" />
    <ClCompile Include="features.cpp" />
    <ClCompile Include="offsets.cpp" />
    <ClCompile Include="settings.cpp" />
    <ClCompile Include="struct.cpp" />
    <ClCompile Include="utils.cpp" />
    <ClCompile Include="Loop.cpp" />
    <ClCompile Include="Loop.h" />
    <ClCompile Include="struct.h" />
  </ItemGroup>
  <ItemGroup>
    <ClInclude Include="arduino.h" />
    <ClInclude Include="config.h" />
    <ClInclude Include="driver.h" />
    <ClInclude Include="features.h" />
    <ClInclude Include="keys.h" />
    <ClInclude Include="main.h" />
    <ClInclude Include="settings.h" />
    <ClInclude Include="utils.h" />
    <ClInclude Include="includes.h" />
    <ClInclude Include="offsets.h" />
  </ItemGroup>
</Project>